
Microsoft Visual Studio Solution File, Format Version 12.00
# Visual Studio Version 17
VisualStudioVersion = 17.3.32819.101
MinimumVisualStudioVersion = 10.0.40219.1
Project("{9A19103F-16F7-4668-BE54-9A1E7A4F7556}") = "SPA-Example", "SPA-Example\SPA-Example.csproj", "{5B9550C1-FF05-4D55-937A-3FED3FA5CAE0}"
EndProject
Global
	GlobalSection(SolutionConfigurationPlatforms) = preSolution
		Debug|Any CPU = Debug|Any CPU
		Release|Any CPU = Release|Any CPU
	EndGlobalSection
	GlobalSection(ProjectConfigurationPlatforms) = postSolution
		{5B9550C1-FF05-4D55-937A-3FED3FA5CAE0}.Debug|Any CPU.ActiveCfg = Debug|Any CPU
		{5B9550C1-FF05-4D55-937A-3FED3FA5CAE0}.Debug|Any CPU.Build.0 = Debug|Any CPU
		{5B9550C1-FF05-4D55-937A-3FED3FA5CAE0}.Release|Any CPU.ActiveCfg = Release|Any CPU
		{5B9550C1-FF05-4D55-937A-3FED3FA5CAE0}.Release|Any CPU.Build.0 = Release|Any CPU
	EndGlobalSection
	GlobalSection(SolutionProperties) = preSolution
		HideSolutionNode = FALSE
	EndGlobalSection
	GlobalSection(ExtensibilityGlobals) = postSolution
		SolutionGuid = {54B57518-382B-42E0-9894-29EBC479D186}
	EndGlobalSection
EndGlobal
