
Microsoft Visual Studio Solution File, Format Version 12.00
# Visual Studio Version 17
VisualStudioVersion = 17.3.32819.101
MinimumVisualStudioVersion = 10.0.40219.1
Project("{9A19103F-16F7-4668-BE54-9A1E7A4F7556}") = "SPA-Example", "SPA-Example\SPA-Example.csproj", "{5B9550C1-FF05-4D55-937A-3FED3FA5CAE0}"
EndProject
Project("{9A19103F-16F7-4668-BE54-9A1E7A4F7556}") = "Infrastructure", "Infrastructure\Infrastructure.csproj", "{79DFC381-EBA8-490B-8C5F-113FA5622194}"
EndProject
Project("{9A19103F-16F7-4668-BE54-9A1E7A4F7556}") = "Domain", "Domain\Domain.csproj", "{50D01984-7362-4B5A-9474-04539B15552D}"
EndProject
Project("{9A19103F-16F7-4668-BE54-9A1E7A4F7556}") = "Application", "Application\Application.csproj", "{F22965CF-3E7E-491A-B2C6-4FED6EB1041D}"
EndProject
Project("{2150E333-8FDC-42A3-9474-1A3956D46DE8}") = "Core", "Core", "{46A0F4F7-40A8-4E83-815D-35037F712D18}"
EndProject
Project("{9A19103F-16F7-4668-BE54-9A1E7A4F7556}") = "WebApp", "WebApp\WebApp.csproj", "{DDDF4501-5651-43FE-863A-4A3A99F146A1}"
EndProject
Global
	GlobalSection(SolutionConfigurationPlatforms) = preSolution
		Debug|Any CPU = Debug|Any CPU
		Release|Any CPU = Release|Any CPU
	EndGlobalSection
	GlobalSection(ProjectConfigurationPlatforms) = postSolution
		{5B9550C1-FF05-4D55-937A-3FED3FA5CAE0}.Debug|Any CPU.ActiveCfg = Debug|Any CPU
		{5B9550C1-FF05-4D55-937A-3FED3FA5CAE0}.Debug|Any CPU.Build.0 = Debug|Any CPU
		{5B9550C1-FF05-4D55-937A-3FED3FA5CAE0}.Release|Any CPU.ActiveCfg = Release|Any CPU
		{5B9550C1-FF05-4D55-937A-3FED3FA5CAE0}.Release|Any CPU.Build.0 = Release|Any CPU
		{79DFC381-EBA8-490B-8C5F-113FA5622194}.Debug|Any CPU.ActiveCfg = Debug|Any CPU
		{79DFC381-EBA8-490B-8C5F-113FA5622194}.Debug|Any CPU.Build.0 = Debug|Any CPU
		{79DFC381-EBA8-490B-8C5F-113FA5622194}.Release|Any CPU.ActiveCfg = Release|Any CPU
		{79DFC381-EBA8-490B-8C5F-113FA5622194}.Release|Any CPU.Build.0 = Release|Any CPU
		{50D01984-7362-4B5A-9474-04539B15552D}.Debug|Any CPU.ActiveCfg = Debug|Any CPU
		{50D01984-7362-4B5A-9474-04539B15552D}.Debug|Any CPU.Build.0 = Debug|Any CPU
		{50D01984-7362-4B5A-9474-04539B15552D}.Release|Any CPU.ActiveCfg = Release|Any CPU
		{50D01984-7362-4B5A-9474-04539B15552D}.Release|Any CPU.Build.0 = Release|Any CPU
		{F22965CF-3E7E-491A-B2C6-4FED6EB1041D}.Debug|Any CPU.ActiveCfg = Debug|Any CPU
		{F22965CF-3E7E-491A-B2C6-4FED6EB1041D}.Debug|Any CPU.Build.0 = Debug|Any CPU
		{F22965CF-3E7E-491A-B2C6-4FED6EB1041D}.Release|Any CPU.ActiveCfg = Release|Any CPU
		{F22965CF-3E7E-491A-B2C6-4FED6EB1041D}.Release|Any CPU.Build.0 = Release|Any CPU
		{DDDF4501-5651-43FE-863A-4A3A99F146A1}.Debug|Any CPU.ActiveCfg = Debug|Any CPU
		{DDDF4501-5651-43FE-863A-4A3A99F146A1}.Debug|Any CPU.Build.0 = Debug|Any CPU
		{DDDF4501-5651-43FE-863A-4A3A99F146A1}.Release|Any CPU.ActiveCfg = Release|Any CPU
		{DDDF4501-5651-43FE-863A-4A3A99F146A1}.Release|Any CPU.Build.0 = Release|Any CPU
	EndGlobalSection
	GlobalSection(SolutionProperties) = preSolution
		HideSolutionNode = FALSE
	EndGlobalSection
	GlobalSection(NestedProjects) = preSolution
		{79DFC381-EBA8-490B-8C5F-113FA5622194} = {46A0F4F7-40A8-4E83-815D-35037F712D18}
		{50D01984-7362-4B5A-9474-04539B15552D} = {46A0F4F7-40A8-4E83-815D-35037F712D18}
		{F22965CF-3E7E-491A-B2C6-4FED6EB1041D} = {46A0F4F7-40A8-4E83-815D-35037F712D18}
	EndGlobalSection
	GlobalSection(ExtensibilityGlobals) = postSolution
		SolutionGuid = {54B57518-382B-42E0-9894-29EBC479D186}
	EndGlobalSection
EndGlobal
